
Microsoft Visual Studio Solution File, Format Version 12.00
# Visual Studio Version 17
VisualStudioVersion = 17.4.33213.308
MinimumVisualStudioVersion = 10.0.40219.1
Project("{9A19103F-16F7-4668-BE54-9A1E7A4F7556}") = "AccountOwnerServer", "AccountOwnerServer\AccountOwnerServer.csproj", "{B3CD780E-03C9-4A28-866C-CE0D41C68FEC}"
EndProject
Project("{9A19103F-16F7-4668-BE54-9A1E7A4F7556}") = "Contracts", "Contracts\Contracts.csproj", "{E23F84F3-18BD-4433-866E-160170F47C12}"
EndProject
Project("{9A19103F-16F7-4668-BE54-9A1E7A4F7556}") = "LoggerService", "LoggerService\LoggerService.csproj", "{884F4F81-3C0C-465D-8E31-71CB4F9E8D1B}"
EndProject
Project("{FAE04EC0-301F-11D3-BF4B-00C04F79EFBC}") = "Entities", "Entities\Entities.csproj", "{AC215003-9879-4E13-95E2-5DA59D8AB588}"
EndProject
Project("{FAE04EC0-301F-11D3-BF4B-00C04F79EFBC}") = "Repository", "Repository\Repository.csproj", "{DE43F7FC-5A4D-434D-BA4D-BF06AFE19818}"
EndProject
Global
	GlobalSection(SolutionConfigurationPlatforms) = preSolution
		Debug|Any CPU = Debug|Any CPU
		Release|Any CPU = Release|Any CPU
	EndGlobalSection
	GlobalSection(ProjectConfigurationPlatforms) = postSolution
		{B3CD780E-03C9-4A28-866C-CE0D41C68FEC}.Debug|Any CPU.ActiveCfg = Debug|Any CPU
		{B3CD780E-03C9-4A28-866C-CE0D41C68FEC}.Debug|Any CPU.Build.0 = Debug|Any CPU
		{B3CD780E-03C9-4A28-866C-CE0D41C68FEC}.Release|Any CPU.ActiveCfg = Release|Any CPU
		{B3CD780E-03C9-4A28-866C-CE0D41C68FEC}.Release|Any CPU.Build.0 = Release|Any CPU
		{E23F84F3-18BD-4433-866E-160170F47C12}.Debug|Any CPU.ActiveCfg = Debug|Any CPU
		{E23F84F3-18BD-4433-866E-160170F47C12}.Debug|Any CPU.Build.0 = Debug|Any CPU
		{E23F84F3-18BD-4433-866E-160170F47C12}.Release|Any CPU.ActiveCfg = Release|Any CPU
		{E23F84F3-18BD-4433-866E-160170F47C12}.Release|Any CPU.Build.0 = Release|Any CPU
		{884F4F81-3C0C-465D-8E31-71CB4F9E8D1B}.Debug|Any CPU.ActiveCfg = Debug|Any CPU
		{884F4F81-3C0C-465D-8E31-71CB4F9E8D1B}.Debug|Any CPU.Build.0 = Debug|Any CPU
		{884F4F81-3C0C-465D-8E31-71CB4F9E8D1B}.Release|Any CPU.ActiveCfg = Release|Any CPU
		{884F4F81-3C0C-465D-8E31-71CB4F9E8D1B}.Release|Any CPU.Build.0 = Release|Any CPU
		{AC215003-9879-4E13-95E2-5DA59D8AB588}.Debug|Any CPU.ActiveCfg = Debug|Any CPU
		{AC215003-9879-4E13-95E2-5DA59D8AB588}.Debug|Any CPU.Build.0 = Debug|Any CPU
		{AC215003-9879-4E13-95E2-5DA59D8AB588}.Release|Any CPU.ActiveCfg = Release|Any CPU
		{AC215003-9879-4E13-95E2-5DA59D8AB588}.Release|Any CPU.Build.0 = Release|Any CPU
		{DE43F7FC-5A4D-434D-BA4D-BF06AFE19818}.Debug|Any CPU.ActiveCfg = Debug|Any CPU
		{DE43F7FC-5A4D-434D-BA4D-BF06AFE19818}.Debug|Any CPU.Build.0 = Debug|Any CPU
		{DE43F7FC-5A4D-434D-BA4D-BF06AFE19818}.Release|Any CPU.ActiveCfg = Release|Any CPU
		{DE43F7FC-5A4D-434D-BA4D-BF06AFE19818}.Release|Any CPU.Build.0 = Release|Any CPU
	EndGlobalSection
	GlobalSection(SolutionProperties) = preSolution
		HideSolutionNode = FALSE
	EndGlobalSection
	GlobalSection(ExtensibilityGlobals) = postSolution
		SolutionGuid = {E6D6F3DF-134C-4518-B2A1-F5EC6AC016E2}
	EndGlobalSection
EndGlobal
